{
  "name": "test-project",
  "version": "1.0.0",
  "lockfileVersion": 3,
  "requires": true,
  "packages": {
    "": {
      "name": "test-project",
      "version": "1.0.0",
      "license": "ISC",
      "dependencies": {
        "vite-gutenberg-blocks-creator": "file:../.."
      }
    },
    "../..": {
      "version": "2.4.5",
      "license": "MIT",
      "dependencies": {
        "chalk": "^5.4.1",
        "esbuild": "^0.25.0",
        "rollup": "^4.34.9",
        "sass": "^1.63.6",
        "vite-plugin-static-copy": "^2.3.0"
      },
      "bin": {
        "create": "bin/createBlock.js",
        "init": "bin/initEnvironment.js",
        "publish": "bin/publish.js"
      },
      "devDependencies": {
        "@types/grecaptcha": "^3.0.9",
        "@types/node": "^22.13.8",
        "@vitejs/plugin-react": "^4.3.4",
        "rimraf": "^5.0.5"
      },
      "engines": {
        "node": "^18.0.0 || ^20.0.0 || ^21.0.0 || ^22.0.0 || ^23.0.0"
      },
      "peerDependencies": {
        "typescript": ">=4.9.4",
        "vite": "^4.1.1 || ^5.0.0 || ^6.0.0"
      }
    },
    "node_modules/vite-gutenberg-blocks-creator": {
      "resolved": "../..",
      "link": true
    }
  }
}
